
Microsoft Visual Studio Solution File, Format Version 12.00
# Visual Studio 15
VisualStudioVersion = 15.0.28307.421
MinimumVisualStudioVersion = 10.0.40219.1
Project("{FAE04EC0-301F-11D3-BF4B-00C04F79EFBC}") = "Advanced_cSharp_h1", "Advanced_cSharp_h1\Advanced_cSharp_h1.csproj", "{A83ACA49-E09A-4253-85A5-80C70CFE59F8}"
EndProject
Global
	GlobalSection(SolutionConfigurationPlatforms) = preSolution
		Debug|Any CPU = Debug|Any CPU
		Release|Any CPU = Release|Any CPU
	EndGlobalSection
	GlobalSection(ProjectConfigurationPlatforms) = postSolution
		{A83ACA49-E09A-4253-85A5-80C70CFE59F8}.Debug|Any CPU.ActiveCfg = Debug|Any CPU
		{A83ACA49-E09A-4253-85A5-80C70CFE59F8}.Debug|Any CPU.Build.0 = Debug|Any CPU
		{A83ACA49-E09A-4253-85A5-80C70CFE59F8}.Release|Any CPU.ActiveCfg = Release|Any CPU
		{A83ACA49-E09A-4253-85A5-80C70CFE59F8}.Release|Any CPU.Build.0 = Release|Any CPU
	EndGlobalSection
	GlobalSection(SolutionProperties) = preSolution
		HideSolutionNode = FALSE
	EndGlobalSection
	GlobalSection(ExtensibilityGlobals) = postSolution
		SolutionGuid = {5F45C6A0-6552-42CA-A533-42D57F4BC7F1}
	EndGlobalSection
EndGlobal
